
Microsoft Visual Studio Solution File, Format Version 12.00
# Visual Studio Version 17
VisualStudioVersion = 17.6.33815.320
MinimumVisualStudioVersion = 10.0.40219.1
Project("{FAE04EC0-301F-11D3-BF4B-00C04F79EFBC}") = "QVision-Task", "QVision-Task\QVision-Task.csproj", "{7F3D1B52-1724-4FDF-BF41-D286BC741B40}"
EndProject
Global
	GlobalSection(SolutionConfigurationPlatforms) = preSolution
		Debug|Any CPU = Debug|Any CPU
		Release|Any CPU = Release|Any CPU
	EndGlobalSection
	GlobalSection(ProjectConfigurationPlatforms) = postSolution
		{7F3D1B52-1724-4FDF-BF41-D286BC741B40}.Debug|Any CPU.ActiveCfg = Debug|Any CPU
		{7F3D1B52-1724-4FDF-BF41-D286BC741B40}.Debug|Any CPU.Build.0 = Debug|Any CPU
		{7F3D1B52-1724-4FDF-BF41-D286BC741B40}.Release|Any CPU.ActiveCfg = Release|Any CPU
		{7F3D1B52-1724-4FDF-BF41-D286BC741B40}.Release|Any CPU.Build.0 = Release|Any CPU
	EndGlobalSection
	GlobalSection(SolutionProperties) = preSolution
		HideSolutionNode = FALSE
	EndGlobalSection
	GlobalSection(ExtensibilityGlobals) = postSolution
		SolutionGuid = {D2CFEAA2-078F-4945-A996-0B2073255C97}
	EndGlobalSection
EndGlobal
